
Microsoft Visual Studio Solution File, Format Version 12.00
# Visual Studio 2013
VisualStudioVersion = 12.0.21005.1
MinimumVisualStudioVersion = 10.0.40219.1
Project("{FAE04EC0-301F-11D3-BF4B-00C04F79EFBC}") = "LinqTo1C", "LinqTo1C\LinqTo1C.csproj", "{BB1A4406-AD17-4089-9D6B-33D4452FDE4C}"
EndProject
Project("{FAE04EC0-301F-11D3-BF4B-00C04F79EFBC}") = "Tests", "Tests\Tests.csproj", "{49A6C3B8-E307-4C44-B4B9-F33FD4FB9216}"
EndProject
Global
	GlobalSection(SolutionConfigurationPlatforms) = preSolution
		Debug|Any CPU = Debug|Any CPU
		Release|Any CPU = Release|Any CPU
	EndGlobalSection
	GlobalSection(ProjectConfigurationPlatforms) = postSolution
		{BB1A4406-AD17-4089-9D6B-33D4452FDE4C}.Debug|Any CPU.ActiveCfg = Debug|Any CPU
		{BB1A4406-AD17-4089-9D6B-33D4452FDE4C}.Debug|Any CPU.Build.0 = Debug|Any CPU
		{BB1A4406-AD17-4089-9D6B-33D4452FDE4C}.Release|Any CPU.ActiveCfg = Release|Any CPU
		{BB1A4406-AD17-4089-9D6B-33D4452FDE4C}.Release|Any CPU.Build.0 = Release|Any CPU
		{49A6C3B8-E307-4C44-B4B9-F33FD4FB9216}.Debug|Any CPU.ActiveCfg = Debug|Any CPU
		{49A6C3B8-E307-4C44-B4B9-F33FD4FB9216}.Debug|Any CPU.Build.0 = Debug|Any CPU
		{49A6C3B8-E307-4C44-B4B9-F33FD4FB9216}.Release|Any CPU.ActiveCfg = Release|Any CPU
		{49A6C3B8-E307-4C44-B4B9-F33FD4FB9216}.Release|Any CPU.Build.0 = Release|Any CPU
	EndGlobalSection
	GlobalSection(SolutionProperties) = preSolution
		HideSolutionNode = FALSE
	EndGlobalSection
EndGlobal
